Microsoft Visual Studio Solution File, Format Version 12.00
# Visual Studio 2012
Project("{FAE04EC0-301F-11D3-BF4B-00C04F79EFBC}") = "Bee Forward", "Bee Forward.csproj", "{98E23CB5-6972-4A9D-80DE-85D9399C614E}"
EndProject
Global
	GlobalSection(SolutionConfigurationPlatforms) = preSolution
	Debug|Any CPU = Debug|Any CPU
	ExportDebug|Any CPU = ExportDebug|Any CPU
	ExportRelease|Any CPU = ExportRelease|Any CPU
	EndGlobalSection
	GlobalSection(ProjectConfigurationPlatforms) = postSolution
		{98E23CB5-6972-4A9D-80DE-85D9399C614E}.Debug|Any CPU.ActiveCfg = Debug|Any CPU
		{98E23CB5-6972-4A9D-80DE-85D9399C614E}.Debug|Any CPU.Build.0 = Debug|Any CPU
		{98E23CB5-6972-4A9D-80DE-85D9399C614E}.ExportDebug|Any CPU.ActiveCfg = ExportDebug|Any CPU
		{98E23CB5-6972-4A9D-80DE-85D9399C614E}.ExportDebug|Any CPU.Build.0 = ExportDebug|Any CPU
		{98E23CB5-6972-4A9D-80DE-85D9399C614E}.ExportRelease|Any CPU.ActiveCfg = ExportRelease|Any CPU
		{98E23CB5-6972-4A9D-80DE-85D9399C614E}.ExportRelease|Any CPU.Build.0 = ExportRelease|Any CPU
	EndGlobalSection
EndGlobal
